
Microsoft Visual Studio Solution File, Format Version 12.00
# Visual Studio 2013
VisualStudioVersion = 12.0.30723.0
MinimumVisualStudioVersion = 10.0.40219.1
Project("{FAE04EC0-301F-11D3-BF4B-00C04F79EFBC}") = "UITests", "UITests\UITests.csproj", "{3374B9F8-2C73-42D9-B8D4-BF675FFB4FB7}"
EndProject
Project("{FAE04EC0-301F-11D3-BF4B-00C04F79EFBC}") = "ParallelTestRunner", "ParallelTestRunner\ParallelTestRunner.csproj", "{7221E662-3C84-4FEF-81A1-0E486F3C2CE0}"
EndProject
Project("{FAE04EC0-301F-11D3-BF4B-00C04F79EFBC}") = "ParallelTestRunner.Tests", "ParallelTestRunner.Tests\ParallelTestRunner.Tests.csproj", "{5D5AEB33-19A7-4073-ACEC-64A1D79624A5}"
EndProject
Global
	GlobalSection(SolutionConfigurationPlatforms) = preSolution
		Debug|Any CPU = Debug|Any CPU
		Release|Any CPU = Release|Any CPU
	EndGlobalSection
	GlobalSection(ProjectConfigurationPlatforms) = postSolution
		{3374B9F8-2C73-42D9-B8D4-BF675FFB4FB7}.Debug|Any CPU.ActiveCfg = Debug|Any CPU
		{3374B9F8-2C73-42D9-B8D4-BF675FFB4FB7}.Debug|Any CPU.Build.0 = Debug|Any CPU
		{3374B9F8-2C73-42D9-B8D4-BF675FFB4FB7}.Release|Any CPU.ActiveCfg = Release|Any CPU
		{3374B9F8-2C73-42D9-B8D4-BF675FFB4FB7}.Release|Any CPU.Build.0 = Release|Any CPU
		{7221E662-3C84-4FEF-81A1-0E486F3C2CE0}.Debug|Any CPU.ActiveCfg = Debug|Any CPU
		{7221E662-3C84-4FEF-81A1-0E486F3C2CE0}.Debug|Any CPU.Build.0 = Debug|Any CPU
		{7221E662-3C84-4FEF-81A1-0E486F3C2CE0}.Release|Any CPU.ActiveCfg = Release|Any CPU
		{7221E662-3C84-4FEF-81A1-0E486F3C2CE0}.Release|Any CPU.Build.0 = Release|Any CPU
		{5D5AEB33-19A7-4073-ACEC-64A1D79624A5}.Debug|Any CPU.ActiveCfg = Debug|Any CPU
		{5D5AEB33-19A7-4073-ACEC-64A1D79624A5}.Debug|Any CPU.Build.0 = Debug|Any CPU
		{5D5AEB33-19A7-4073-ACEC-64A1D79624A5}.Release|Any CPU.ActiveCfg = Release|Any CPU
		{5D5AEB33-19A7-4073-ACEC-64A1D79624A5}.Release|Any CPU.Build.0 = Release|Any CPU
	EndGlobalSection
	GlobalSection(SolutionProperties) = preSolution
		HideSolutionNode = FALSE
	EndGlobalSection
EndGlobal
